
Microsoft Visual Studio Solution File, Format Version 12.00
# Visual Studio Version 16
VisualStudioVersion = 16.0.30907.101
MinimumVisualStudioVersion = 10.0.40219.1
Project("{FAE04EC0-301F-11D3-BF4B-00C04F79EFBC}") = "ParkingGarageCharges", "ParkingGarageCharges\ParkingGarageCharges.csproj", "{859F9ECF-93C1-47DF-9B7A-B0E5CC160C67}"
EndProject
Global
	GlobalSection(SolutionConfigurationPlatforms) = preSolution
		Debug|Any CPU = Debug|Any CPU
		Release|Any CPU = Release|Any CPU
	EndGlobalSection
	GlobalSection(ProjectConfigurationPlatforms) = postSolution
		{859F9ECF-93C1-47DF-9B7A-B0E5CC160C67}.Debug|Any CPU.ActiveCfg = Debug|Any CPU
		{859F9ECF-93C1-47DF-9B7A-B0E5CC160C67}.Debug|Any CPU.Build.0 = Debug|Any CPU
		{859F9ECF-93C1-47DF-9B7A-B0E5CC160C67}.Release|Any CPU.ActiveCfg = Release|Any CPU
		{859F9ECF-93C1-47DF-9B7A-B0E5CC160C67}.Release|Any CPU.Build.0 = Release|Any CPU
	EndGlobalSection
	GlobalSection(SolutionProperties) = preSolution
		HideSolutionNode = FALSE
	EndGlobalSection
	GlobalSection(ExtensibilityGlobals) = postSolution
		SolutionGuid = {423E4FA8-0524-4264-A3C8-C948D29EFDB1}
	EndGlobalSection
EndGlobal
